
Microsoft Visual Studio Solution File, Format Version 12.00
# Visual Studio Version 16
VisualStudioVersion = 16.0.31005.135
MinimumVisualStudioVersion = 10.0.40219.1
Project("{FAE04EC0-301F-11D3-BF4B-00C04F79EFBC}") = "Practica - 518Bar", "Practica - 518Bar\Practica - 518Bar.csproj", "{011B8F5B-4F72-4B91-A10B-C07C6E4A3F11}"
EndProject
Global
	GlobalSection(SolutionConfigurationPlatforms) = preSolution
		Debug|Any CPU = Debug|Any CPU
		Release|Any CPU = Release|Any CPU
	EndGlobalSection
	GlobalSection(ProjectConfigurationPlatforms) = postSolution
		{011B8F5B-4F72-4B91-A10B-C07C6E4A3F11}.Debug|Any CPU.ActiveCfg = Debug|Any CPU
		{011B8F5B-4F72-4B91-A10B-C07C6E4A3F11}.Debug|Any CPU.Build.0 = Debug|Any CPU
		{011B8F5B-4F72-4B91-A10B-C07C6E4A3F11}.Debug|Any CPU.Deploy.0 = Debug|Any CPU
		{011B8F5B-4F72-4B91-A10B-C07C6E4A3F11}.Release|Any CPU.ActiveCfg = Release|Any CPU
		{011B8F5B-4F72-4B91-A10B-C07C6E4A3F11}.Release|Any CPU.Build.0 = Release|Any CPU
		{011B8F5B-4F72-4B91-A10B-C07C6E4A3F11}.Release|Any CPU.Deploy.0 = Release|Any CPU
	EndGlobalSection
	GlobalSection(SolutionProperties) = preSolution
		HideSolutionNode = FALSE
	EndGlobalSection
	GlobalSection(ExtensibilityGlobals) = postSolution
		SolutionGuid = {EE811518-E526-4FC8-9183-C04154F6546F}
	EndGlobalSection
EndGlobal
