
Microsoft Visual Studio Solution File, Format Version 12.00
# Visual Studio Version 16
VisualStudioVersion = 16.0.31005.135
MinimumVisualStudioVersion = 10.0.40219.1
Project("{FAE04EC0-301F-11D3-BF4B-00C04F79EFBC}") = "Servicio518", "Servicio518\Servicio518.csproj", "{05324E5F-020F-43B9-9A66-C496DA41D37E}"
EndProject
Global
	GlobalSection(SolutionConfigurationPlatforms) = preSolution
		Debug|Any CPU = Debug|Any CPU
		Release|Any CPU = Release|Any CPU
	EndGlobalSection
	GlobalSection(ProjectConfigurationPlatforms) = postSolution
		{05324E5F-020F-43B9-9A66-C496DA41D37E}.Debug|Any CPU.ActiveCfg = Debug|Any CPU
		{05324E5F-020F-43B9-9A66-C496DA41D37E}.Debug|Any CPU.Build.0 = Debug|Any CPU
		{05324E5F-020F-43B9-9A66-C496DA41D37E}.Release|Any CPU.ActiveCfg = Release|Any CPU
		{05324E5F-020F-43B9-9A66-C496DA41D37E}.Release|Any CPU.Build.0 = Release|Any CPU
	EndGlobalSection
	GlobalSection(SolutionProperties) = preSolution
		HideSolutionNode = FALSE
	EndGlobalSection
	GlobalSection(ExtensibilityGlobals) = postSolution
		SolutionGuid = {D667919F-93EF-42F0-AFD8-85F217982AA2}
	EndGlobalSection
EndGlobal
